
Microsoft Visual Studio Solution File, Format Version 12.00
# Visual Studio Version 17
VisualStudioVersion = 17.8.34322.80
MinimumVisualStudioVersion = 10.0.40219.1
Project("{FAE04EC0-301F-11D3-BF4B-00C04F79EFBC}") = "EduHome", "EduHome\EduHome.csproj", "{E4E00579-F476-4D8A-BFCB-B8A6005E0905}"
EndProject
Global
	GlobalSection(SolutionConfigurationPlatforms) = preSolution
		Debug|Any CPU = Debug|Any CPU
		Release|Any CPU = Release|Any CPU
	EndGlobalSection
	GlobalSection(ProjectConfigurationPlatforms) = postSolution
		{E4E00579-F476-4D8A-BFCB-B8A6005E0905}.Debug|Any CPU.ActiveCfg = Debug|Any CPU
		{E4E00579-F476-4D8A-BFCB-B8A6005E0905}.Debug|Any CPU.Build.0 = Debug|Any CPU
		{E4E00579-F476-4D8A-BFCB-B8A6005E0905}.Release|Any CPU.ActiveCfg = Release|Any CPU
		{E4E00579-F476-4D8A-BFCB-B8A6005E0905}.Release|Any CPU.Build.0 = Release|Any CPU
	EndGlobalSection
	GlobalSection(SolutionProperties) = preSolution
		HideSolutionNode = FALSE
	EndGlobalSection
	GlobalSection(ExtensibilityGlobals) = postSolution
		SolutionGuid = {036E4964-7960-41E1-9FD4-F691D97C83E5}
	EndGlobalSection
EndGlobal
